
Microsoft Visual Studio Solution File, Format Version 12.00
#
Project("{FAE04EC0-301F-11D3-BF4B-00C04F79EFBC}") = "AuctionService", "src\AuctionService\AuctionService.csproj", "{A079FADB-C4BE-49A5-92E7-692513A006AE}"
EndProject
Project("{2150E333-8FDC-42A3-9474-1A3956D46DE8}") = "src", "src", "{06B0D905-661D-4BDC-81A3-342072100910}"
EndProject
Project("{2150E333-8FDC-42A3-9474-1A3956D46DE8}") = "Solution Items", "Solution Items", "{6F452D85-A2F0-4BC0-96B6-8E9F9A8E9937}"
	ProjectSection(SolutionItems) = preProject
		docker-compose.yml = docker-compose.yml
		docker-compose.override.yml = docker-compose.override.yml
	EndProjectSection
EndProject
Project("{FAE04EC0-301F-11D3-BF4B-00C04F79EFBC}") = "SearchService", "src\SearchService\SearchService.csproj", "{B71592D4-28E6-4BC8-AEDB-C6CFF5C7B836}"
EndProject
Project("{FAE04EC0-301F-11D3-BF4B-00C04F79EFBC}") = "Contracts", "src\Contracts\Contracts.csproj", "{965A0A3A-A368-4787-BD5E-87FBC1EA69E8}"
EndProject
Project("{FAE04EC0-301F-11D3-BF4B-00C04F79EFBC}") = "IdentityService", "src\IdentityService\IdentityService.csproj", "{D4CC7653-40F5-417D-9CE1-0510A861C44B}"
EndProject
Project("{FAE04EC0-301F-11D3-BF4B-00C04F79EFBC}") = "GatewayService", "src\GatewayService\GatewayService.csproj", "{C1759980-21D7-489D-ABF2-98FBCAFED9E1}"
EndProject
Project("{FAE04EC0-301F-11D3-BF4B-00C04F79EFBC}") = "BiddingService", "src\BiddingService\BiddingService.csproj", "{B6B8F12D-693C-48D2-8E8B-ACE12C7B1FD8}"
EndProject
Project("{FAE04EC0-301F-11D3-BF4B-00C04F79EFBC}") = "NotificationService", "src\NotificationService\NotificationService.csproj", "{2762545F-87A1-455E-99B1-91E07B5EF8DB}"
EndProject
Project("{2150E333-8FDC-42A3-9474-1A3956D46DE8}") = "tests", "tests", "{57453885-B519-4E22-AFE2-00FADC092926}"
EndProject
Project("{FAE04EC0-301F-11D3-BF4B-00C04F79EFBC}") = "AuctionService.UnitTests", "tests\AuctionService.UnitTests\AuctionService.UnitTests.csproj", "{B55C808B-BCAC-4E12-9749-EAAD218468F1}"
EndProject
Project("{FAE04EC0-301F-11D3-BF4B-00C04F79EFBC}") = "AuctionService.IntegrationTests", "tests\AuctionService.IntegrationTests\AuctionService.IntegrationTests.csproj", "{1FE26134-BC59-4223-B480-9A746B217355}"
EndProject
Project("{2150E333-8FDC-42A3-9474-1A3956D46DE8}") = "infra", "infra", "{5CD723BD-42BC-43DC-BCCF-99FDA319EBFD}"
EndProject
Project("{2150E333-8FDC-42A3-9474-1A3956D46DE8}") = "ingress", "ingress", "{5CD723BD-42BC-43DC-BCCF-99FDA319EBFD}"
				ProjectSection(SolutionItems) = preProject
		ingress-depl.yml = ingress-depl.yml
				EndProjectSection
EndProject
Project("{2150E333-8FDC-42A3-9474-1A3956D46DE8}") = "dev-k8s", "dev-k8s", "{EAC97F07-1B5F-4430-A7F7-55E2E84034C1}"
				ProjectSection(SolutionItems) = preProject
		dev-secrets.yml = dev-secrets.yml
				EndProjectSection
EndProject
Project("{2150E333-8FDC-42A3-9474-1A3956D46DE8}") = "K8S", "K8S", "{EAC97F07-1B5F-4430-A7F7-55E2E84034C1}"
	ProjectSection(SolutionItems) = preProject
		postgres-depl.yml = postgres-depl.yml
		rabbit-depl.yml = rabbit-depl.yml
		mongo-depl.yml = mongo-depl.yml
		local-pvc.yml = local-pvc.yml
		storage-pv.yml = storage-pv.yml
		auction-svc-depl.yml = auction-svc-depl.yml
		search-svc-depl.yml = search-svc-depl.yml
		bid-svc-depl.yml = bid-svc-depl.yml
		notify-svc-depl.yml = notify-svc-depl.yml
		gateway-svc-depl.yml = gateway-svc-depl.yml
		identity-svc-depl.yml = identity-svc-depl.yml
		webapp-svc-depl.yml = webapp-svc-depl.yml
		config.yml = config.yml
	EndProjectSection
EndProject
Project("{2150E333-8FDC-42A3-9474-1A3956D46DE8}") = ".github", ".github", "{F288C0EC-9A6B-4C37-9E00-DB137E0B68D0}"
EndProject
Project("{2150E333-8FDC-42A3-9474-1A3956D46DE8}") = "workflows", "workflows", "{6162A224-115E-496A-8383-B974E1371B72}"
    ProjectSection(SolutionItems) = preProject
        deploy.yml = deploy.yml
    EndProjectSection
EndProject
Global
	GlobalSection(SolutionConfigurationPlatforms) = preSolution
		Debug|Any CPU = Debug|Any CPU
		Release|Any CPU = Release|Any CPU
	EndGlobalSection
	GlobalSection(ProjectConfigurationPlatforms) = postSolution
		{A079FADB-C4BE-49A5-92E7-692513A006AE}.Debug|Any CPU.ActiveCfg = Debug|Any CPU
		{A079FADB-C4BE-49A5-92E7-692513A006AE}.Debug|Any CPU.Build.0 = Debug|Any CPU
		{A079FADB-C4BE-49A5-92E7-692513A006AE}.Release|Any CPU.ActiveCfg = Release|Any CPU
		{A079FADB-C4BE-49A5-92E7-692513A006AE}.Release|Any CPU.Build.0 = Release|Any CPU
		{B71592D4-28E6-4BC8-AEDB-C6CFF5C7B836}.Debug|Any CPU.ActiveCfg = Debug|Any CPU
		{B71592D4-28E6-4BC8-AEDB-C6CFF5C7B836}.Debug|Any CPU.Build.0 = Debug|Any CPU
		{B71592D4-28E6-4BC8-AEDB-C6CFF5C7B836}.Release|Any CPU.ActiveCfg = Release|Any CPU
		{B71592D4-28E6-4BC8-AEDB-C6CFF5C7B836}.Release|Any CPU.Build.0 = Release|Any CPU
		{965A0A3A-A368-4787-BD5E-87FBC1EA69E8}.Debug|Any CPU.ActiveCfg = Debug|Any CPU
		{965A0A3A-A368-4787-BD5E-87FBC1EA69E8}.Debug|Any CPU.Build.0 = Debug|Any CPU
		{965A0A3A-A368-4787-BD5E-87FBC1EA69E8}.Release|Any CPU.ActiveCfg = Release|Any CPU
		{965A0A3A-A368-4787-BD5E-87FBC1EA69E8}.Release|Any CPU.Build.0 = Release|Any CPU
		{D4CC7653-40F5-417D-9CE1-0510A861C44B}.Debug|Any CPU.ActiveCfg = Debug|Any CPU
		{D4CC7653-40F5-417D-9CE1-0510A861C44B}.Debug|Any CPU.Build.0 = Debug|Any CPU
		{D4CC7653-40F5-417D-9CE1-0510A861C44B}.Release|Any CPU.ActiveCfg = Release|Any CPU
		{D4CC7653-40F5-417D-9CE1-0510A861C44B}.Release|Any CPU.Build.0 = Release|Any CPU
		{C1759980-21D7-489D-ABF2-98FBCAFED9E1}.Debug|Any CPU.ActiveCfg = Debug|Any CPU
		{C1759980-21D7-489D-ABF2-98FBCAFED9E1}.Debug|Any CPU.Build.0 = Debug|Any CPU
		{C1759980-21D7-489D-ABF2-98FBCAFED9E1}.Release|Any CPU.ActiveCfg = Release|Any CPU
		{C1759980-21D7-489D-ABF2-98FBCAFED9E1}.Release|Any CPU.Build.0 = Release|Any CPU
		{B6B8F12D-693C-48D2-8E8B-ACE12C7B1FD8}.Debug|Any CPU.ActiveCfg = Debug|Any CPU
		{B6B8F12D-693C-48D2-8E8B-ACE12C7B1FD8}.Debug|Any CPU.Build.0 = Debug|Any CPU
		{B6B8F12D-693C-48D2-8E8B-ACE12C7B1FD8}.Release|Any CPU.ActiveCfg = Release|Any CPU
		{B6B8F12D-693C-48D2-8E8B-ACE12C7B1FD8}.Release|Any CPU.Build.0 = Release|Any CPU
		{2762545F-87A1-455E-99B1-91E07B5EF8DB}.Debug|Any CPU.ActiveCfg = Debug|Any CPU
		{2762545F-87A1-455E-99B1-91E07B5EF8DB}.Debug|Any CPU.Build.0 = Debug|Any CPU
		{2762545F-87A1-455E-99B1-91E07B5EF8DB}.Release|Any CPU.ActiveCfg = Release|Any CPU
		{2762545F-87A1-455E-99B1-91E07B5EF8DB}.Release|Any CPU.Build.0 = Release|Any CPU
		{B55C808B-BCAC-4E12-9749-EAAD218468F1}.Debug|Any CPU.ActiveCfg = Debug|Any CPU
		{B55C808B-BCAC-4E12-9749-EAAD218468F1}.Debug|Any CPU.Build.0 = Debug|Any CPU
		{B55C808B-BCAC-4E12-9749-EAAD218468F1}.Release|Any CPU.ActiveCfg = Release|Any CPU
		{B55C808B-BCAC-4E12-9749-EAAD218468F1}.Release|Any CPU.Build.0 = Release|Any CPU
		{1FE26134-BC59-4223-B480-9A746B217355}.Debug|Any CPU.ActiveCfg = Debug|Any CPU
		{1FE26134-BC59-4223-B480-9A746B217355}.Debug|Any CPU.Build.0 = Debug|Any CPU
		{1FE26134-BC59-4223-B480-9A746B217355}.Release|Any CPU.ActiveCfg = Release|Any CPU
		{1FE26134-BC59-4223-B480-9A746B217355}.Release|Any CPU.Build.0 = Release|Any CPU
	EndGlobalSection
	GlobalSection(NestedProjects) = preSolution
		{A079FADB-C4BE-49A5-92E7-692513A006AE} = {06B0D905-661D-4BDC-81A3-342072100910}
		{B71592D4-28E6-4BC8-AEDB-C6CFF5C7B836} = {06B0D905-661D-4BDC-81A3-342072100910}
		{965A0A3A-A368-4787-BD5E-87FBC1EA69E8} = {06B0D905-661D-4BDC-81A3-342072100910}
		{D4CC7653-40F5-417D-9CE1-0510A861C44B} = {06B0D905-661D-4BDC-81A3-342072100910}
		{C1759980-21D7-489D-ABF2-98FBCAFED9E1} = {06B0D905-661D-4BDC-81A3-342072100910}
		{B6B8F12D-693C-48D2-8E8B-ACE12C7B1FD8} = {06B0D905-661D-4BDC-81A3-342072100910}
		{2762545F-87A1-455E-99B1-91E07B5EF8DB} = {06B0D905-661D-4BDC-81A3-342072100910}
		{B55C808B-BCAC-4E12-9749-EAAD218468F1} = {57453885-B519-4E22-AFE2-00FADC092926}
		{1FE26134-BC59-4223-B480-9A746B217355} = {57453885-B519-4E22-AFE2-00FADC092926}
		{EAC97F07-1B5F-4430-A7F7-55E2E84034C1} = {5CD723BD-42BC-43DC-BCCF-99FDA319EBFD}
		{6BEC9075-76EE-4C91-9935-A7562DA8FA2D} = {06B0D905-661D-4BDC-81A3-342072100910}
		{7E1AFB6B-9FF9-4F0B-8D9A-B494C3CD3D1A} = {06B0D905-661D-4BDC-81A3-342072100910}
		{A94E300E-19FE-4B5E-8E4B-C1A086C4C6BE} = {06B0D905-661D-4BDC-81A3-342072100910}
		{88C752E7-F33F-4578-8420-98413EEF9A11} = {06B0D905-661D-4BDC-81A3-342072100910}
		{652C5160-7882-48F6-AF6F-62A90316D49E} = {06B0D905-661D-4BDC-81A3-342072100910}
		{6FADEE5B-04A2-4A1D-9698-D6F5B60B0839} = {06B0D905-661D-4BDC-81A3-342072100910}
		{6162A224-115E-496A-8383-B974E1371B72} = {F288C0EC-9A6B-4C37-9E00-DB137E0B68D0}
	EndGlobalSection
EndGlobal
